<Solution>
  <Project Path="PMDDesktop.Server.Assets/PMDDesktop.Server.Assets.csproj" />
  <Project Path="PMDDesktop.Server.Saving/PMDDesktop.Server.Saving.csproj" />
  <Project Path="PMDDesktop.Server/PMDDesktop.Server.csproj" />
  <Project Path="PMDDesktop.Tests/PMDDesktop.Tests.csproj" Id="51b5d6dd-a0c1-433d-9b8b-477efec9e604" />
  <Project Path="PMDDesktop/PMDDesktop.csproj" />
</Solution>
